
Microsoft Visual Studio Solution File, Format Version 12.00
# Visual Studio Version 16
VisualStudioVersion = 16.0.30523.141
MinimumVisualStudioVersion = 10.0.40219.1
Project("{FAE04EC0-301F-11D3-BF4B-00C04F79EFBC}") = "MyWeatherApp", "MyWeatherApp.csproj", "{584D61B5-DB4D-41E6-97EF-FC8C37A17ED9}"
EndProject
Global
	GlobalSection(SolutionConfigurationPlatforms) = preSolution
		Debug|Any CPU = Debug|Any CPU
		Release|Any CPU = Release|Any CPU
	EndGlobalSection
	GlobalSection(ProjectConfigurationPlatforms) = postSolution
		{584D61B5-DB4D-41E6-97EF-FC8C37A17ED9}.Debug|Any CPU.ActiveCfg = Debug|Any CPU
		{584D61B5-DB4D-41E6-97EF-FC8C37A17ED9}.Debug|Any CPU.Build.0 = Debug|Any CPU
		{584D61B5-DB4D-41E6-97EF-FC8C37A17ED9}.Release|Any CPU.ActiveCfg = Release|Any CPU
		{584D61B5-DB4D-41E6-97EF-FC8C37A17ED9}.Release|Any CPU.Build.0 = Release|Any CPU
	EndGlobalSection
	GlobalSection(SolutionProperties) = preSolution
		HideSolutionNode = FALSE
	EndGlobalSection
	GlobalSection(ExtensibilityGlobals) = postSolution
		SolutionGuid = {35F18515-B998-4B29-B151-84C3E5D679E5}
	EndGlobalSection
EndGlobal
